
Microsoft Visual Studio Solution File, Format Version 12.00
# Visual Studio Version 17
VisualStudioVersion = 17.5.33516.290
MinimumVisualStudioVersion = 10.0.40219.1
Project("{9A19103F-16F7-4668-BE54-9A1E7A4F7556}") = "Eksdom.Service.Windows", "Eksdom.Service.Windows\Eksdom.Service.Windows.csproj", "{85C41954-D728-4AE3-960F-81374E5F3279}"
EndProject
Project("{9A19103F-16F7-4668-BE54-9A1E7A4F7556}") = "Eksdom.Client", "Integration.EskomSePush\Eksdom.Client.csproj", "{D95F6458-2877-4E02-B668-90DD455A2521}"
EndProject
Project("{9A19103F-16F7-4668-BE54-9A1E7A4F7556}") = "Eksdom.App.Windows", "Eksdom.App.Windows\Eksdom.App.Windows.csproj", "{CDCEF876-2402-4F99-8223-2DAC6E6B263A}"
EndProject
Project("{9A19103F-16F7-4668-BE54-9A1E7A4F7556}") = "Eksdom.Shared", "Eksdom.Shared\Eksdom.Shared.csproj", "{52D8BED0-0063-4106-AD22-DB483FF888A3}"
EndProject
Global
	GlobalSection(SolutionConfigurationPlatforms) = preSolution
		Debug|Any CPU = Debug|Any CPU
		Release|Any CPU = Release|Any CPU
	EndGlobalSection
	GlobalSection(ProjectConfigurationPlatforms) = postSolution
		{85C41954-D728-4AE3-960F-81374E5F3279}.Debug|Any CPU.ActiveCfg = Debug|Any CPU
		{85C41954-D728-4AE3-960F-81374E5F3279}.Debug|Any CPU.Build.0 = Debug|Any CPU
		{85C41954-D728-4AE3-960F-81374E5F3279}.Release|Any CPU.ActiveCfg = Release|Any CPU
		{85C41954-D728-4AE3-960F-81374E5F3279}.Release|Any CPU.Build.0 = Release|Any CPU
		{D95F6458-2877-4E02-B668-90DD455A2521}.Debug|Any CPU.ActiveCfg = Debug|Any CPU
		{D95F6458-2877-4E02-B668-90DD455A2521}.Debug|Any CPU.Build.0 = Debug|Any CPU
		{D95F6458-2877-4E02-B668-90DD455A2521}.Release|Any CPU.ActiveCfg = Release|Any CPU
		{D95F6458-2877-4E02-B668-90DD455A2521}.Release|Any CPU.Build.0 = Release|Any CPU
		{CDCEF876-2402-4F99-8223-2DAC6E6B263A}.Debug|Any CPU.ActiveCfg = Debug|Any CPU
		{CDCEF876-2402-4F99-8223-2DAC6E6B263A}.Debug|Any CPU.Build.0 = Debug|Any CPU
		{CDCEF876-2402-4F99-8223-2DAC6E6B263A}.Release|Any CPU.ActiveCfg = Release|Any CPU
		{CDCEF876-2402-4F99-8223-2DAC6E6B263A}.Release|Any CPU.Build.0 = Release|Any CPU
		{52D8BED0-0063-4106-AD22-DB483FF888A3}.Debug|Any CPU.ActiveCfg = Debug|Any CPU
		{52D8BED0-0063-4106-AD22-DB483FF888A3}.Debug|Any CPU.Build.0 = Debug|Any CPU
		{52D8BED0-0063-4106-AD22-DB483FF888A3}.Release|Any CPU.ActiveCfg = Release|Any CPU
		{52D8BED0-0063-4106-AD22-DB483FF888A3}.Release|Any CPU.Build.0 = Release|Any CPU
	EndGlobalSection
	GlobalSection(SolutionProperties) = preSolution
		HideSolutionNode = FALSE
	EndGlobalSection
	GlobalSection(ExtensibilityGlobals) = postSolution
		SolutionGuid = {864DDD88-FB12-4602-A2FC-3A537F5C2F94}
	EndGlobalSection
EndGlobal
